
Microsoft Visual Studio Solution File, Format Version 12.00
# Visual Studio Version 16
VisualStudioVersion = 16.0.28803.452
MinimumVisualStudioVersion = 10.0.40219.1
Project("{FAE04EC0-301F-11D3-BF4B-00C04F79EFBC}") = "Hangfire", "Hangfire.csproj", "{BA33D047-09E4-4852-9A48-0B76937E6200}"
EndProject
Project("{FAE04EC0-301F-11D3-BF4B-00C04F79EFBC}") = "Common", "..\Common\Common.csproj", "{2A45FAC9-5496-4FE9-8359-1D3F59AC26FA}"
EndProject
Global
	GlobalSection(SolutionConfigurationPlatforms) = preSolution
		Debug|Any CPU = Debug|Any CPU
		Release|Any CPU = Release|Any CPU
	EndGlobalSection
	GlobalSection(ProjectConfigurationPlatforms) = postSolution
		{BA33D047-09E4-4852-9A48-0B76937E6200}.Debug|Any CPU.ActiveCfg = Debug|Any CPU
		{BA33D047-09E4-4852-9A48-0B76937E6200}.Debug|Any CPU.Build.0 = Debug|Any CPU
		{BA33D047-09E4-4852-9A48-0B76937E6200}.Release|Any CPU.ActiveCfg = Release|Any CPU
		{BA33D047-09E4-4852-9A48-0B76937E6200}.Release|Any CPU.Build.0 = Release|Any CPU
		{2A45FAC9-5496-4FE9-8359-1D3F59AC26FA}.Debug|Any CPU.ActiveCfg = Debug|Any CPU
		{2A45FAC9-5496-4FE9-8359-1D3F59AC26FA}.Debug|Any CPU.Build.0 = Debug|Any CPU
		{2A45FAC9-5496-4FE9-8359-1D3F59AC26FA}.Release|Any CPU.ActiveCfg = Release|Any CPU
		{2A45FAC9-5496-4FE9-8359-1D3F59AC26FA}.Release|Any CPU.Build.0 = Release|Any CPU
	EndGlobalSection
	GlobalSection(SolutionProperties) = preSolution
		HideSolutionNode = FALSE
	EndGlobalSection
	GlobalSection(ExtensibilityGlobals) = postSolution
		SolutionGuid = {30D0FD12-4E80-4843-9971-BED1769418AD}
	EndGlobalSection
EndGlobal
